
Microsoft Visual Studio Solution File, Format Version 12.00
# Visual Studio Version 17
VisualStudioVersion = 17.5.2.0
MinimumVisualStudioVersion = 10.0.40219.1
Project("{FAE04EC0-301F-11D3-BF4B-00C04F79EFBC}") = "CAFETERÌA", "CAFETERÌA.csproj", "{94A30960-4C51-7B4B-566C-A73170F37859}"
EndProject
Global
	GlobalSection(SolutionConfigurationPlatforms) = preSolution
		Debug|Any CPU = Debug|Any CPU
		Release|Any CPU = Release|Any CPU
	EndGlobalSection
	GlobalSection(ProjectConfigurationPlatforms) = postSolution
		{94A30960-4C51-7B4B-566C-A73170F37859}.Debug|Any CPU.ActiveCfg = Debug|Any CPU
		{94A30960-4C51-7B4B-566C-A73170F37859}.Debug|Any CPU.Build.0 = Debug|Any CPU
		{94A30960-4C51-7B4B-566C-A73170F37859}.Release|Any CPU.ActiveCfg = Release|Any CPU
		{94A30960-4C51-7B4B-566C-A73170F37859}.Release|Any CPU.Build.0 = Release|Any CPU
	EndGlobalSection
	GlobalSection(SolutionProperties) = preSolution
		HideSolutionNode = FALSE
	EndGlobalSection
	GlobalSection(ExtensibilityGlobals) = postSolution
		SolutionGuid = {94BC0B4C-CA48-44E2-AC76-1F61D9E70463}
	EndGlobalSection
EndGlobal
